
Microsoft Visual Studio Solution File, Format Version 12.00
# Visual Studio 14
VisualStudioVersion = 14.0.23107.0
MinimumVisualStudioVersion = 10.0.40219.1
Project("{FAE04EC0-301F-11D3-BF4B-00C04F79EFBC}") = "Fuhua", "Fuhua\Fuhua.csproj", "{8E439699-09BF-4240-9C90-B0313BB9A7B2}"
EndProject
Project("{FAE04EC0-301F-11D3-BF4B-00C04F79EFBC}") = "Fuhua.Tests", "Fuhua.Tests\Fuhua.Tests.csproj", "{27FFC8F3-373B-49FD-95C7-1242A19D1ED0}"
EndProject
Global
	GlobalSection(SolutionConfigurationPlatforms) = preSolution
		Debug|Any CPU = Debug|Any CPU
		Release|Any CPU = Release|Any CPU
	EndGlobalSection
	GlobalSection(ProjectConfigurationPlatforms) = postSolution
		{8E439699-09BF-4240-9C90-B0313BB9A7B2}.Debug|Any CPU.ActiveCfg = Debug|Any CPU
		{8E439699-09BF-4240-9C90-B0313BB9A7B2}.Debug|Any CPU.Build.0 = Debug|Any CPU
		{8E439699-09BF-4240-9C90-B0313BB9A7B2}.Release|Any CPU.ActiveCfg = Release|Any CPU
		{8E439699-09BF-4240-9C90-B0313BB9A7B2}.Release|Any CPU.Build.0 = Release|Any CPU
		{27FFC8F3-373B-49FD-95C7-1242A19D1ED0}.Debug|Any CPU.ActiveCfg = Debug|Any CPU
		{27FFC8F3-373B-49FD-95C7-1242A19D1ED0}.Debug|Any CPU.Build.0 = Debug|Any CPU
		{27FFC8F3-373B-49FD-95C7-1242A19D1ED0}.Release|Any CPU.ActiveCfg = Release|Any CPU
		{27FFC8F3-373B-49FD-95C7-1242A19D1ED0}.Release|Any CPU.Build.0 = Release|Any CPU
	EndGlobalSection
	GlobalSection(SolutionProperties) = preSolution
		HideSolutionNode = FALSE
	EndGlobalSection
EndGlobal
